
Microsoft Visual Studio Solution File, Format Version 12.00
# Visual Studio 15
VisualStudioVersion = 15.0.28307.572
MinimumVisualStudioVersion = 10.0.40219.1
Project("{FAE04EC0-301F-11D3-BF4B-00C04F79EFBC}") = "PshychoTest2", "PshychoTest2\PshychoTest2.csproj", "{B0928A59-FA65-4AC4-A326-FE0CC5A76351}"
EndProject
Global
	GlobalSection(SolutionConfigurationPlatforms) = preSolution
		Debug|Any CPU = Debug|Any CPU
		Release|Any CPU = Release|Any CPU
	EndGlobalSection
	GlobalSection(ProjectConfigurationPlatforms) = postSolution
		{B0928A59-FA65-4AC4-A326-FE0CC5A76351}.Debug|Any CPU.ActiveCfg = Debug|Any CPU
		{B0928A59-FA65-4AC4-A326-FE0CC5A76351}.Debug|Any CPU.Build.0 = Debug|Any CPU
		{B0928A59-FA65-4AC4-A326-FE0CC5A76351}.Release|Any CPU.ActiveCfg = Release|Any CPU
		{B0928A59-FA65-4AC4-A326-FE0CC5A76351}.Release|Any CPU.Build.0 = Release|Any CPU
	EndGlobalSection
	GlobalSection(SolutionProperties) = preSolution
		HideSolutionNode = FALSE
	EndGlobalSection
	GlobalSection(ExtensibilityGlobals) = postSolution
		SolutionGuid = {12C03AA3-C5A5-48AC-9B51-D41D0BECC545}
	EndGlobalSection
EndGlobal
