
Microsoft Visual Studio Solution File, Format Version 12.00
# Visual Studio 15
VisualStudioVersion = 15.0.28010.2026
MinimumVisualStudioVersion = 10.0.40219.1
Project("{FAE04EC0-301F-11D3-BF4B-00C04F79EFBC}") = "PsychologicalTest", "PsychologicalTest\PsychologicalTest.csproj", "{2986A72E-8D16-48DD-8D70-603B0DE7E1CD}"
EndProject
Global
	GlobalSection(SolutionConfigurationPlatforms) = preSolution
		Debug|Any CPU = Debug|Any CPU
		Release|Any CPU = Release|Any CPU
	EndGlobalSection
	GlobalSection(ProjectConfigurationPlatforms) = postSolution
		{2986A72E-8D16-48DD-8D70-603B0DE7E1CD}.Debug|Any CPU.ActiveCfg = Debug|Any CPU
		{2986A72E-8D16-48DD-8D70-603B0DE7E1CD}.Debug|Any CPU.Build.0 = Debug|Any CPU
		{2986A72E-8D16-48DD-8D70-603B0DE7E1CD}.Release|Any CPU.ActiveCfg = Release|Any CPU
		{2986A72E-8D16-48DD-8D70-603B0DE7E1CD}.Release|Any CPU.Build.0 = Release|Any CPU
	EndGlobalSection
	GlobalSection(SolutionProperties) = preSolution
		HideSolutionNode = FALSE
	EndGlobalSection
	GlobalSection(ExtensibilityGlobals) = postSolution
		SolutionGuid = {162B27DB-038A-4A8C-9F37-443486C05ABF}
	EndGlobalSection
EndGlobal
